
Microsoft Visual Studio Solution File, Format Version 12.00
# Visual Studio Version 17
VisualStudioVersion = 17.3.32825.248
MinimumVisualStudioVersion = 10.0.40219.1
Project("{8BC9CEB8-8B4A-11D0-8D11-00A0C91BC942}") = "12_10_22", "12_10_22\12_10_22.vcxproj", "{116EEC26-AE7E-4F95-A324-6C36756A1332}"
EndProject
Global
	GlobalSection(SolutionConfigurationPlatforms) = preSolution
		Debug|x64 = Debug|x64
		Debug|x86 = Debug|x86
		Release|x64 = Release|x64
		Release|x86 = Release|x86
	EndGlobalSection
	GlobalSection(ProjectConfigurationPlatforms) = postSolution
		{116EEC26-AE7E-4F95-A324-6C36756A1332}.Debug|x64.ActiveCfg = Debug|x64
		{116EEC26-AE7E-4F95-A324-6C36756A1332}.Debug|x64.Build.0 = Debug|x64
		{116EEC26-AE7E-4F95-A324-6C36756A1332}.Debug|x86.ActiveCfg = Debug|Win32
		{116EEC26-AE7E-4F95-A324-6C36756A1332}.Debug|x86.Build.0 = Debug|Win32
		{116EEC26-AE7E-4F95-A324-6C36756A1332}.Release|x64.ActiveCfg = Release|x64
		{116EEC26-AE7E-4F95-A324-6C36756A1332}.Release|x64.Build.0 = Release|x64
		{116EEC26-AE7E-4F95-A324-6C36756A1332}.Release|x86.ActiveCfg = Release|Win32
		{116EEC26-AE7E-4F95-A324-6C36756A1332}.Release|x86.Build.0 = Release|Win32
	EndGlobalSection
	GlobalSection(SolutionProperties) = preSolution
		HideSolutionNode = FALSE
	EndGlobalSection
	GlobalSection(ExtensibilityGlobals) = postSolution
		SolutionGuid = {33B855A8-D46B-4E00-900F-0F083B06E55D}
	EndGlobalSection
EndGlobal
